
Microsoft Visual Studio Solution File, Format Version 12.00
# Visual Studio Version 17
VisualStudioVersion = 17.13.35931.197 d17.13
MinimumVisualStudioVersion = 10.0.40219.1
Project("{FAE04EC0-301F-11D3-BF4B-00C04F79EFBC}") = "EstimatePi", "EstimatePi\EstimatePi.csproj", "{CDA3AE1B-BAF5-4DE5-ABDA-DD8F98DA2F85}"
EndProject
Global
	GlobalSection(SolutionConfigurationPlatforms) = preSolution
		Debug|Any CPU = Debug|Any CPU
		Release|Any CPU = Release|Any CPU
	EndGlobalSection
	GlobalSection(ProjectConfigurationPlatforms) = postSolution
		{CDA3AE1B-BAF5-4DE5-ABDA-DD8F98DA2F85}.Debug|Any CPU.ActiveCfg = Debug|Any CPU
		{CDA3AE1B-BAF5-4DE5-ABDA-DD8F98DA2F85}.Debug|Any CPU.Build.0 = Debug|Any CPU
		{CDA3AE1B-BAF5-4DE5-ABDA-DD8F98DA2F85}.Release|Any CPU.ActiveCfg = Release|Any CPU
		{CDA3AE1B-BAF5-4DE5-ABDA-DD8F98DA2F85}.Release|Any CPU.Build.0 = Release|Any CPU
	EndGlobalSection
	GlobalSection(SolutionProperties) = preSolution
		HideSolutionNode = FALSE
	EndGlobalSection
	GlobalSection(ExtensibilityGlobals) = postSolution
		SolutionGuid = {E75A91E2-EDC5-46F7-9BFE-2705DACA90E8}
	EndGlobalSection
EndGlobal
